
Microsoft Visual Studio Solution File, Format Version 12.00
# Visual Studio Version 16
VisualStudioVersion = 16.0.31729.503
MinimumVisualStudioVersion = 10.0.40219.1
Project("{FAE04EC0-301F-11D3-BF4B-00C04F79EFBC}") = "CSharpStudy3_2", "CSharpStudy3_2.csproj", "{7485EC37-E19C-4A48-B3BA-E7C3E4695996}"
EndProject
Global
	GlobalSection(SolutionConfigurationPlatforms) = preSolution
		Debug|Any CPU = Debug|Any CPU
		Release|Any CPU = Release|Any CPU
	EndGlobalSection
	GlobalSection(ProjectConfigurationPlatforms) = postSolution
		{7485EC37-E19C-4A48-B3BA-E7C3E4695996}.Debug|Any CPU.ActiveCfg = Debug|Any CPU
		{7485EC37-E19C-4A48-B3BA-E7C3E4695996}.Debug|Any CPU.Build.0 = Debug|Any CPU
		{7485EC37-E19C-4A48-B3BA-E7C3E4695996}.Release|Any CPU.ActiveCfg = Release|Any CPU
		{7485EC37-E19C-4A48-B3BA-E7C3E4695996}.Release|Any CPU.Build.0 = Release|Any CPU
	EndGlobalSection
	GlobalSection(SolutionProperties) = preSolution
		HideSolutionNode = FALSE
	EndGlobalSection
	GlobalSection(ExtensibilityGlobals) = postSolution
		SolutionGuid = {3E504B2D-1A81-4AEC-B0DA-964864927FFA}
	EndGlobalSection
EndGlobal
