
Microsoft Visual Studio Solution File, Format Version 12.00
# Visual Studio Version 16
VisualStudioVersion = 16.0.31729.503
MinimumVisualStudioVersion = 10.0.40219.1
Project("{FAE04EC0-301F-11D3-BF4B-00C04F79EFBC}") = "CSharpStudy2_3", "CSharpStudy2_3.csproj", "{FB3FD99D-E8CC-47F1-81E6-DB9D8C55C12C}"
EndProject
Global
	GlobalSection(SolutionConfigurationPlatforms) = preSolution
		Debug|Any CPU = Debug|Any CPU
		Release|Any CPU = Release|Any CPU
	EndGlobalSection
	GlobalSection(ProjectConfigurationPlatforms) = postSolution
		{FB3FD99D-E8CC-47F1-81E6-DB9D8C55C12C}.Debug|Any CPU.ActiveCfg = Debug|Any CPU
		{FB3FD99D-E8CC-47F1-81E6-DB9D8C55C12C}.Debug|Any CPU.Build.0 = Debug|Any CPU
		{FB3FD99D-E8CC-47F1-81E6-DB9D8C55C12C}.Release|Any CPU.ActiveCfg = Release|Any CPU
		{FB3FD99D-E8CC-47F1-81E6-DB9D8C55C12C}.Release|Any CPU.Build.0 = Release|Any CPU
	EndGlobalSection
	GlobalSection(SolutionProperties) = preSolution
		HideSolutionNode = FALSE
	EndGlobalSection
	GlobalSection(ExtensibilityGlobals) = postSolution
		SolutionGuid = {BE9CE3C6-9071-443F-85F8-CE901CFDC3DA}
	EndGlobalSection
EndGlobal
